
Microsoft Visual Studio Solution File, Format Version 12.00
# Visual Studio Version 17
VisualStudioVersion = 17.10.35013.160
MinimumVisualStudioVersion = 10.0.40219.1
Project("{FAE04EC0-301F-11D3-BF4B-00C04F79EFBC}") = "Go Fish", "Go Fish\Go Fish.csproj", "{EEA7635D-49ED-4752-A1FC-80C423A5BACD}"
EndProject
Global
	GlobalSection(SolutionConfigurationPlatforms) = preSolution
		Debug|Any CPU = Debug|Any CPU
		Release|Any CPU = Release|Any CPU
	EndGlobalSection
	GlobalSection(ProjectConfigurationPlatforms) = postSolution
		{EEA7635D-49ED-4752-A1FC-80C423A5BACD}.Debug|Any CPU.ActiveCfg = Debug|Any CPU
		{EEA7635D-49ED-4752-A1FC-80C423A5BACD}.Debug|Any CPU.Build.0 = Debug|Any CPU
		{EEA7635D-49ED-4752-A1FC-80C423A5BACD}.Release|Any CPU.ActiveCfg = Release|Any CPU
		{EEA7635D-49ED-4752-A1FC-80C423A5BACD}.Release|Any CPU.Build.0 = Release|Any CPU
	EndGlobalSection
	GlobalSection(SolutionProperties) = preSolution
		HideSolutionNode = FALSE
	EndGlobalSection
	GlobalSection(ExtensibilityGlobals) = postSolution
		SolutionGuid = {AC7A4CCB-A72D-455B-9465-9C155D7E4879}
	EndGlobalSection
EndGlobal
